
Microsoft Visual Studio Solution File, Format Version 11.00
# Visual Studio 2010
Project("{FAE04EC0-301F-11D3-BF4B-00C04F79EFBC}") = "LMS_BLL", "LMS_BLL\LMS_BLL.csproj", "{91B93C3D-1EFD-4AEA-AAB9-1F23FF739A96}"
EndProject
Project("{FAE04EC0-301F-11D3-BF4B-00C04F79EFBC}") = "LMS_UI", "LMS_UI\LMS_UI.csproj", "{CED4C499-B7CC-441C-AAE6-7F9376659F3E}"
EndProject
Project("{FAE04EC0-301F-11D3-BF4B-00C04F79EFBC}") = "LMS_DAL", "LMS_DAL\LMS_DAL.csproj", "{43772513-A30D-432B-866F-C1BAA541F725}"
EndProject
Project("{FAE04EC0-301F-11D3-BF4B-00C04F79EFBC}") = "LMS_INFO", "LMS_INFO\LMS_INFO.csproj", "{1A9F19AC-B13D-45F0-8AB6-448CBAB599F9}"
EndProject
Global
	GlobalSection(SolutionConfigurationPlatforms) = preSolution
		Debug|Any CPU = Debug|Any CPU
		Release|Any CPU = Release|Any CPU
	EndGlobalSection
	GlobalSection(ProjectConfigurationPlatforms) = postSolution
		{91B93C3D-1EFD-4AEA-AAB9-1F23FF739A96}.Debug|Any CPU.ActiveCfg = Debug|Any CPU
		{91B93C3D-1EFD-4AEA-AAB9-1F23FF739A96}.Debug|Any CPU.Build.0 = Debug|Any CPU
		{91B93C3D-1EFD-4AEA-AAB9-1F23FF739A96}.Release|Any CPU.ActiveCfg = Release|Any CPU
		{91B93C3D-1EFD-4AEA-AAB9-1F23FF739A96}.Release|Any CPU.Build.0 = Release|Any CPU
		{CED4C499-B7CC-441C-AAE6-7F9376659F3E}.Debug|Any CPU.ActiveCfg = Debug|Any CPU
		{CED4C499-B7CC-441C-AAE6-7F9376659F3E}.Debug|Any CPU.Build.0 = Debug|Any CPU
		{CED4C499-B7CC-441C-AAE6-7F9376659F3E}.Release|Any CPU.ActiveCfg = Release|Any CPU
		{CED4C499-B7CC-441C-AAE6-7F9376659F3E}.Release|Any CPU.Build.0 = Release|Any CPU
		{43772513-A30D-432B-866F-C1BAA541F725}.Debug|Any CPU.ActiveCfg = Debug|Any CPU
		{43772513-A30D-432B-866F-C1BAA541F725}.Debug|Any CPU.Build.0 = Debug|Any CPU
		{43772513-A30D-432B-866F-C1BAA541F725}.Release|Any CPU.ActiveCfg = Release|Any CPU
		{43772513-A30D-432B-866F-C1BAA541F725}.Release|Any CPU.Build.0 = Release|Any CPU
		{1A9F19AC-B13D-45F0-8AB6-448CBAB599F9}.Debug|Any CPU.ActiveCfg = Debug|Any CPU
		{1A9F19AC-B13D-45F0-8AB6-448CBAB599F9}.Debug|Any CPU.Build.0 = Debug|Any CPU
		{1A9F19AC-B13D-45F0-8AB6-448CBAB599F9}.Release|Any CPU.ActiveCfg = Release|Any CPU
		{1A9F19AC-B13D-45F0-8AB6-448CBAB599F9}.Release|Any CPU.Build.0 = Release|Any CPU
	EndGlobalSection
	GlobalSection(SolutionProperties) = preSolution
		HideSolutionNode = FALSE
	EndGlobalSection
EndGlobal
